
Microsoft Visual Studio Solution File, Format Version 12.00
# Visual Studio Version 17
VisualStudioVersion = 17.5.33530.505
MinimumVisualStudioVersion = 10.0.40219.1
Project("{FAE04EC0-301F-11D3-BF4B-00C04F79EFBC}") = "JVM-CSharp", "JVM-CSharp\JVM-CSharp.csproj", "{7851E8D9-0136-4B18-B649-3E05B3FCE605}"
EndProject
Global
	GlobalSection(SolutionConfigurationPlatforms) = preSolution
		Debug|Any CPU = Debug|Any CPU
		Release|Any CPU = Release|Any CPU
	EndGlobalSection
	GlobalSection(ProjectConfigurationPlatforms) = postSolution
		{7851E8D9-0136-4B18-B649-3E05B3FCE605}.Debug|Any CPU.ActiveCfg = Debug|Any CPU
		{7851E8D9-0136-4B18-B649-3E05B3FCE605}.Debug|Any CPU.Build.0 = Debug|Any CPU
		{7851E8D9-0136-4B18-B649-3E05B3FCE605}.Release|Any CPU.ActiveCfg = Release|Any CPU
		{7851E8D9-0136-4B18-B649-3E05B3FCE605}.Release|Any CPU.Build.0 = Release|Any CPU
	EndGlobalSection
	GlobalSection(SolutionProperties) = preSolution
		HideSolutionNode = FALSE
	EndGlobalSection
	GlobalSection(ExtensibilityGlobals) = postSolution
		SolutionGuid = {BF0FD441-3CA8-4DC3-8475-5583BC4E65DC}
	EndGlobalSection
EndGlobal
